
Microsoft Visual Studio Solution File, Format Version 12.00
# Visual Studio Version 17
VisualStudioVersion = 17.14.36518.9 d17.14
MinimumVisualStudioVersion = 10.0.40219.1
Project("{FAE04EC0-301F-11D3-BF4B-00C04F79EFBC}") = "UniversityManagementSystem.Domain", "UniversityManagementSystem.Domain\UniversityManagementSystem.Domain.csproj", "{6E76E497-18E9-4817-827D-D012D526AADF}"
EndProject
Project("{FAE04EC0-301F-11D3-BF4B-00C04F79EFBC}") = "Test", "Test\Test.csproj", "{57B37DC5-DA1B-49E2-A917-E7521B2F281F}"
EndProject
Global
	GlobalSection(SolutionConfigurationPlatforms) = preSolution
		Debug|Any CPU = Debug|Any CPU
		Release|Any CPU = Release|Any CPU
	EndGlobalSection
	GlobalSection(ProjectConfigurationPlatforms) = postSolution
		{6E76E497-18E9-4817-827D-D012D526AADF}.Debug|Any CPU.ActiveCfg = Debug|Any CPU
		{6E76E497-18E9-4817-827D-D012D526AADF}.Debug|Any CPU.Build.0 = Debug|Any CPU
		{6E76E497-18E9-4817-827D-D012D526AADF}.Release|Any CPU.ActiveCfg = Release|Any CPU
		{6E76E497-18E9-4817-827D-D012D526AADF}.Release|Any CPU.Build.0 = Release|Any CPU
		{57B37DC5-DA1B-49E2-A917-E7521B2F281F}.Debug|Any CPU.ActiveCfg = Debug|Any CPU
		{57B37DC5-DA1B-49E2-A917-E7521B2F281F}.Debug|Any CPU.Build.0 = Debug|Any CPU
		{57B37DC5-DA1B-49E2-A917-E7521B2F281F}.Release|Any CPU.ActiveCfg = Release|Any CPU
		{57B37DC5-DA1B-49E2-A917-E7521B2F281F}.Release|Any CPU.Build.0 = Release|Any CPU
	EndGlobalSection
	GlobalSection(SolutionProperties) = preSolution
		HideSolutionNode = FALSE
	EndGlobalSection
	GlobalSection(ExtensibilityGlobals) = postSolution
		SolutionGuid = {22DBF5D2-5F0E-402C-A2A6-C07A883E9E8B}
	EndGlobalSection
EndGlobal
