
Microsoft Visual Studio Solution File, Format Version 12.00
# Visual Studio Version 17
VisualStudioVersion = 17.14.36518.9
MinimumVisualStudioVersion = 10.0.40219.1
Project("{2150E333-8FDC-42A3-9474-1A3956D46DE8}") = "src", "src", "{02EA681E-C7D8-13C7-8484-4AC65E1B71E8}"
EndProject
Project("{2150E333-8FDC-42A3-9474-1A3956D46DE8}") = "Core", "Core", "{255453E8-2EDE-40EC-B2D0-101930C89ACE}"
EndProject
Project("{FAE04EC0-301F-11D3-BF4B-00C04F79EFBC}") = "UniversityMS.Application", "src\Core\UniversityMS.Application\UniversityMS.Application.csproj", "{DAA33890-51C6-4193-A614-D80B56B64B88}"
EndProject
Project("{FAE04EC0-301F-11D3-BF4B-00C04F79EFBC}") = "UniversityMS.Domain", "src\Core\UniversityMS.Domain\UniversityMS.Domain.csproj", "{DA8E1783-A575-FAC2-11DC-020EEF97A711}"
EndProject
Project("{2150E333-8FDC-42A3-9474-1A3956D46DE8}") = "Infrastructure", "Infrastructure", "{F8484122-4A17-4BAC-A188-5D9ABE8A974C}"
EndProject
Project("{FAE04EC0-301F-11D3-BF4B-00C04F79EFBC}") = "UniversityMS.Infrastructure", "src\Infrastructure\UniversityMS.Infrastructure\UniversityMS.Infrastructure.csproj", "{01F34BF9-3D2F-48C1-A186-3271225FB527}"
EndProject
Project("{FAE04EC0-301F-11D3-BF4B-00C04F79EFBC}") = "UniversityMS.Infrastructure.Shared", "src\Infrastructure\UniversityMS.Infrastructure.Shared\UniversityMS.Infrastructure.Shared.csproj", "{2EB61C9A-728B-456C-8387-722381279FDC}"
EndProject
Project("{2150E333-8FDC-42A3-9474-1A3956D46DE8}") = "Presentation", "Presentation", "{4605C9EF-D008-4AB5-B837-04FA8D1765C4}"
EndProject
Project("{2150E333-8FDC-42A3-9474-1A3956D46DE8}") = "docker", "docker", "{82FA59E7-DE35-49DD-9A99-1A6181D499B3}"
EndProject
Project("{2150E333-8FDC-42A3-9474-1A3956D46DE8}") = "docs", "docs", "{1DA7A8C1-3314-4612-BF39-0D3BCBDD0A4F}"
EndProject
Project("{2150E333-8FDC-42A3-9474-1A3956D46DE8}") = "api-documentation", "api-documentation", "{04EDE747-B13E-4F2F-9C1C-76325A58EF5E}"
	ProjectSection(SolutionItems) = preProject
		src\docs\api-documentation\read.me = src\docs\api-documentation\read.me
	EndProjectSection
EndProject
Project("{2150E333-8FDC-42A3-9474-1A3956D46DE8}") = "setup", "setup", "{14ECE092-1F2A-492E-A0E9-E4FB47EF952C}"
	ProjectSection(SolutionItems) = preProject
		src\docs\setup\setup.ps1 = src\docs\setup\setup.ps1
		src\docs\setup\setup.sh = src\docs\setup\setup.sh
	EndProjectSection
EndProject
Project("{FAE04EC0-301F-11D3-BF4B-00C04F79EFBC}") = "UniversityMS.Api", "src\Presentation\UniversityMS.Api\UniversityMS.Api.csproj", "{942E6E45-F096-C510-A0B8-0DD0BC755A9D}"
EndProject
Global
	GlobalSection(SolutionConfigurationPlatforms) = preSolution
		Debug|Any CPU = Debug|Any CPU
		Release|Any CPU = Release|Any CPU
	EndGlobalSection
	GlobalSection(ProjectConfigurationPlatforms) = postSolution
		{DAA33890-51C6-4193-A614-D80B56B64B88}.Debug|Any CPU.ActiveCfg = Debug|Any CPU
		{DAA33890-51C6-4193-A614-D80B56B64B88}.Debug|Any CPU.Build.0 = Debug|Any CPU
		{DAA33890-51C6-4193-A614-D80B56B64B88}.Release|Any CPU.ActiveCfg = Release|Any CPU
		{DAA33890-51C6-4193-A614-D80B56B64B88}.Release|Any CPU.Build.0 = Release|Any CPU
		{DA8E1783-A575-FAC2-11DC-020EEF97A711}.Debug|Any CPU.ActiveCfg = Debug|Any CPU
		{DA8E1783-A575-FAC2-11DC-020EEF97A711}.Debug|Any CPU.Build.0 = Debug|Any CPU
		{DA8E1783-A575-FAC2-11DC-020EEF97A711}.Release|Any CPU.ActiveCfg = Release|Any CPU
		{DA8E1783-A575-FAC2-11DC-020EEF97A711}.Release|Any CPU.Build.0 = Release|Any CPU
		{01F34BF9-3D2F-48C1-A186-3271225FB527}.Debug|Any CPU.ActiveCfg = Debug|Any CPU
		{01F34BF9-3D2F-48C1-A186-3271225FB527}.Debug|Any CPU.Build.0 = Debug|Any CPU
		{01F34BF9-3D2F-48C1-A186-3271225FB527}.Release|Any CPU.ActiveCfg = Release|Any CPU
		{01F34BF9-3D2F-48C1-A186-3271225FB527}.Release|Any CPU.Build.0 = Release|Any CPU
		{2EB61C9A-728B-456C-8387-722381279FDC}.Debug|Any CPU.ActiveCfg = Debug|Any CPU
		{2EB61C9A-728B-456C-8387-722381279FDC}.Debug|Any CPU.Build.0 = Debug|Any CPU
		{2EB61C9A-728B-456C-8387-722381279FDC}.Release|Any CPU.ActiveCfg = Release|Any CPU
		{2EB61C9A-728B-456C-8387-722381279FDC}.Release|Any CPU.Build.0 = Release|Any CPU
		{942E6E45-F096-C510-A0B8-0DD0BC755A9D}.Debug|Any CPU.ActiveCfg = Debug|Any CPU
		{942E6E45-F096-C510-A0B8-0DD0BC755A9D}.Debug|Any CPU.Build.0 = Debug|Any CPU
		{942E6E45-F096-C510-A0B8-0DD0BC755A9D}.Release|Any CPU.ActiveCfg = Release|Any CPU
		{942E6E45-F096-C510-A0B8-0DD0BC755A9D}.Release|Any CPU.Build.0 = Release|Any CPU
	EndGlobalSection
	GlobalSection(SolutionProperties) = preSolution
		HideSolutionNode = FALSE
	EndGlobalSection
	GlobalSection(NestedProjects) = preSolution
		{255453E8-2EDE-40EC-B2D0-101930C89ACE} = {02EA681E-C7D8-13C7-8484-4AC65E1B71E8}
		{DAA33890-51C6-4193-A614-D80B56B64B88} = {255453E8-2EDE-40EC-B2D0-101930C89ACE}
		{DA8E1783-A575-FAC2-11DC-020EEF97A711} = {255453E8-2EDE-40EC-B2D0-101930C89ACE}
		{F8484122-4A17-4BAC-A188-5D9ABE8A974C} = {02EA681E-C7D8-13C7-8484-4AC65E1B71E8}
		{01F34BF9-3D2F-48C1-A186-3271225FB527} = {F8484122-4A17-4BAC-A188-5D9ABE8A974C}
		{2EB61C9A-728B-456C-8387-722381279FDC} = {F8484122-4A17-4BAC-A188-5D9ABE8A974C}
		{4605C9EF-D008-4AB5-B837-04FA8D1765C4} = {02EA681E-C7D8-13C7-8484-4AC65E1B71E8}
		{82FA59E7-DE35-49DD-9A99-1A6181D499B3} = {02EA681E-C7D8-13C7-8484-4AC65E1B71E8}
		{1DA7A8C1-3314-4612-BF39-0D3BCBDD0A4F} = {02EA681E-C7D8-13C7-8484-4AC65E1B71E8}
		{04EDE747-B13E-4F2F-9C1C-76325A58EF5E} = {1DA7A8C1-3314-4612-BF39-0D3BCBDD0A4F}
		{14ECE092-1F2A-492E-A0E9-E4FB47EF952C} = {1DA7A8C1-3314-4612-BF39-0D3BCBDD0A4F}
		{942E6E45-F096-C510-A0B8-0DD0BC755A9D} = {4605C9EF-D008-4AB5-B837-04FA8D1765C4}
	EndGlobalSection
	GlobalSection(ExtensibilityGlobals) = postSolution
		SolutionGuid = {22DBF5D2-5F0E-402C-A2A6-C07A883E9E8B}
	EndGlobalSection
EndGlobal
